
Microsoft Visual Studio Solution File, Format Version 12.00
# Visual Studio Version 16
VisualStudioVersion = 16.0.30320.27
MinimumVisualStudioVersion = 10.0.40219.1
Project("{FAE04EC0-301F-11D3-BF4B-00C04F79EFBC}") = "Mtg.Ultimate.Web", "Mtg.Ultimate.Web\Mtg.Ultimate.Web.csproj", "{19FA31F5-57D0-4F8B-9418-7AA3EF4202CD}"
EndProject
Global
	GlobalSection(SolutionConfigurationPlatforms) = preSolution
		Debug|Any CPU = Debug|Any CPU
		Release|Any CPU = Release|Any CPU
	EndGlobalSection
	GlobalSection(ProjectConfigurationPlatforms) = postSolution
		{19FA31F5-57D0-4F8B-9418-7AA3EF4202CD}.Debug|Any CPU.ActiveCfg = Debug|Any CPU
		{19FA31F5-57D0-4F8B-9418-7AA3EF4202CD}.Debug|Any CPU.Build.0 = Debug|Any CPU
		{19FA31F5-57D0-4F8B-9418-7AA3EF4202CD}.Release|Any CPU.ActiveCfg = Release|Any CPU
		{19FA31F5-57D0-4F8B-9418-7AA3EF4202CD}.Release|Any CPU.Build.0 = Release|Any CPU
	EndGlobalSection
	GlobalSection(SolutionProperties) = preSolution
		HideSolutionNode = FALSE
	EndGlobalSection
	GlobalSection(ExtensibilityGlobals) = postSolution
		SolutionGuid = {5DB4A33A-ADFC-4B69-A1E9-AEF663C12BAB}
	EndGlobalSection
EndGlobal
